
Microsoft Visual Studio Solution File, Format Version 12.00
# Visual Studio Version 17
VisualStudioVersion = 17.0.32014.148
MinimumVisualStudioVersion = 15.0.26124.0
Project("{9A19103F-16F7-4668-BE54-9A1E7A4F7556}") = "DeathRecord", "VRDR\DeathRecord.csproj", "{A147015F-AFB9-4D4A-BE7A-DCBC535990B9}"
EndProject
Project("{9A19103F-16F7-4668-BE54-9A1E7A4F7556}") = "DeathRecord.Tests", "VRDR.Tests\DeathRecord.Tests.csproj", "{370E27B1-3387-485E-AB76-C908353AC06C}"
EndProject
Project("{9A19103F-16F7-4668-BE54-9A1E7A4F7556}") = "VRDRMessaging", "VRDR.Messaging\VRDRMessaging.csproj", "{54ED1D6F-DDCE-43BA-B077-B40824801C27}"
EndProject
Project("{9A19103F-16F7-4668-BE54-9A1E7A4F7556}") = "DeathRecord.CLI", "VRDR.CLI\DeathRecord.CLI.csproj", "{40E9509A-189F-42F2-820A-692CF39CA36D}"
EndProject
Project("{9A19103F-16F7-4668-BE54-9A1E7A4F7556}") = "FhirDeathRecord.HTTP", "VRDR.HTTP\FhirDeathRecord.HTTP.csproj", "{26E609D9-ECE5-4A9C-B12D-E5A74A775CC6}"
EndProject
Project("{FAE04EC0-301F-11D3-BF4B-00C04F79EFBC}") = "VRDRClient", "VRDR.Client\VRDRClient.csproj", "{12518F30-0FCA-403A-A753-63D487D03A9C}"
EndProject
Project("{FAE04EC0-301F-11D3-BF4B-00C04F79EFBC}") = "DeathRecord.Filter", "VRDR.Filter\DeathRecord.Filter.csproj", "{054F0D46-EA2E-45EF-8ACA-C1419B6B806E}"
EndProject
Global
	GlobalSection(SolutionConfigurationPlatforms) = preSolution
		Debug|Any CPU = Debug|Any CPU
		Debug|x64 = Debug|x64
		Debug|x86 = Debug|x86
		Release|Any CPU = Release|Any CPU
		Release|x64 = Release|x64
		Release|x86 = Release|x86
	EndGlobalSection
	GlobalSection(ProjectConfigurationPlatforms) = postSolution
		{A147015F-AFB9-4D4A-BE7A-DCBC535990B9}.Debug|Any CPU.ActiveCfg = Debug|Any CPU
		{A147015F-AFB9-4D4A-BE7A-DCBC535990B9}.Debug|Any CPU.Build.0 = Debug|Any CPU
		{A147015F-AFB9-4D4A-BE7A-DCBC535990B9}.Debug|x64.ActiveCfg = Debug|Any CPU
		{A147015F-AFB9-4D4A-BE7A-DCBC535990B9}.Debug|x64.Build.0 = Debug|Any CPU
		{A147015F-AFB9-4D4A-BE7A-DCBC535990B9}.Debug|x86.ActiveCfg = Debug|Any CPU
		{A147015F-AFB9-4D4A-BE7A-DCBC535990B9}.Debug|x86.Build.0 = Debug|Any CPU
		{A147015F-AFB9-4D4A-BE7A-DCBC535990B9}.Release|Any CPU.ActiveCfg = Release|Any CPU
		{A147015F-AFB9-4D4A-BE7A-DCBC535990B9}.Release|Any CPU.Build.0 = Release|Any CPU
		{A147015F-AFB9-4D4A-BE7A-DCBC535990B9}.Release|x64.ActiveCfg = Release|Any CPU
		{A147015F-AFB9-4D4A-BE7A-DCBC535990B9}.Release|x64.Build.0 = Release|Any CPU
		{A147015F-AFB9-4D4A-BE7A-DCBC535990B9}.Release|x86.ActiveCfg = Release|Any CPU
		{A147015F-AFB9-4D4A-BE7A-DCBC535990B9}.Release|x86.Build.0 = Release|Any CPU
		{370E27B1-3387-485E-AB76-C908353AC06C}.Debug|Any CPU.ActiveCfg = Debug|Any CPU
		{370E27B1-3387-485E-AB76-C908353AC06C}.Debug|Any CPU.Build.0 = Debug|Any CPU
		{370E27B1-3387-485E-AB76-C908353AC06C}.Debug|x64.ActiveCfg = Debug|Any CPU
		{370E27B1-3387-485E-AB76-C908353AC06C}.Debug|x64.Build.0 = Debug|Any CPU
		{370E27B1-3387-485E-AB76-C908353AC06C}.Debug|x86.ActiveCfg = Debug|Any CPU
		{370E27B1-3387-485E-AB76-C908353AC06C}.Debug|x86.Build.0 = Debug|Any CPU
		{370E27B1-3387-485E-AB76-C908353AC06C}.Release|Any CPU.ActiveCfg = Release|Any CPU
		{370E27B1-3387-485E-AB76-C908353AC06C}.Release|Any CPU.Build.0 = Release|Any CPU
		{370E27B1-3387-485E-AB76-C908353AC06C}.Release|x64.ActiveCfg = Release|Any CPU
		{370E27B1-3387-485E-AB76-C908353AC06C}.Release|x64.Build.0 = Release|Any CPU
		{370E27B1-3387-485E-AB76-C908353AC06C}.Release|x86.ActiveCfg = Release|Any CPU
		{370E27B1-3387-485E-AB76-C908353AC06C}.Release|x86.Build.0 = Release|Any CPU
		{54ED1D6F-DDCE-43BA-B077-B40824801C27}.Debug|Any CPU.ActiveCfg = Debug|Any CPU
		{54ED1D6F-DDCE-43BA-B077-B40824801C27}.Debug|Any CPU.Build.0 = Debug|Any CPU
		{54ED1D6F-DDCE-43BA-B077-B40824801C27}.Debug|x64.ActiveCfg = Debug|Any CPU
		{54ED1D6F-DDCE-43BA-B077-B40824801C27}.Debug|x64.Build.0 = Debug|Any CPU
		{54ED1D6F-DDCE-43BA-B077-B40824801C27}.Debug|x86.ActiveCfg = Debug|Any CPU
		{54ED1D6F-DDCE-43BA-B077-B40824801C27}.Debug|x86.Build.0 = Debug|Any CPU
		{54ED1D6F-DDCE-43BA-B077-B40824801C27}.Release|Any CPU.ActiveCfg = Release|Any CPU
		{54ED1D6F-DDCE-43BA-B077-B40824801C27}.Release|Any CPU.Build.0 = Release|Any CPU
		{54ED1D6F-DDCE-43BA-B077-B40824801C27}.Release|x64.ActiveCfg = Release|Any CPU
		{54ED1D6F-DDCE-43BA-B077-B40824801C27}.Release|x64.Build.0 = Release|Any CPU
		{54ED1D6F-DDCE-43BA-B077-B40824801C27}.Release|x86.ActiveCfg = Release|Any CPU
		{54ED1D6F-DDCE-43BA-B077-B40824801C27}.Release|x86.Build.0 = Release|Any CPU
		{40E9509A-189F-42F2-820A-692CF39CA36D}.Debug|Any CPU.ActiveCfg = Debug|Any CPU
		{40E9509A-189F-42F2-820A-692CF39CA36D}.Debug|Any CPU.Build.0 = Debug|Any CPU
		{40E9509A-189F-42F2-820A-692CF39CA36D}.Debug|x64.ActiveCfg = Debug|Any CPU
		{40E9509A-189F-42F2-820A-692CF39CA36D}.Debug|x64.Build.0 = Debug|Any CPU
		{40E9509A-189F-42F2-820A-692CF39CA36D}.Debug|x86.ActiveCfg = Debug|Any CPU
		{40E9509A-189F-42F2-820A-692CF39CA36D}.Debug|x86.Build.0 = Debug|Any CPU
		{40E9509A-189F-42F2-820A-692CF39CA36D}.Release|Any CPU.ActiveCfg = Release|Any CPU
		{40E9509A-189F-42F2-820A-692CF39CA36D}.Release|Any CPU.Build.0 = Release|Any CPU
		{40E9509A-189F-42F2-820A-692CF39CA36D}.Release|x64.ActiveCfg = Release|Any CPU
		{40E9509A-189F-42F2-820A-692CF39CA36D}.Release|x64.Build.0 = Release|Any CPU
		{40E9509A-189F-42F2-820A-692CF39CA36D}.Release|x86.ActiveCfg = Release|Any CPU
		{40E9509A-189F-42F2-820A-692CF39CA36D}.Release|x86.Build.0 = Release|Any CPU
		{26E609D9-ECE5-4A9C-B12D-E5A74A775CC6}.Debug|Any CPU.ActiveCfg = Debug|Any CPU
		{26E609D9-ECE5-4A9C-B12D-E5A74A775CC6}.Debug|Any CPU.Build.0 = Debug|Any CPU
		{26E609D9-ECE5-4A9C-B12D-E5A74A775CC6}.Debug|x64.ActiveCfg = Debug|Any CPU
		{26E609D9-ECE5-4A9C-B12D-E5A74A775CC6}.Debug|x64.Build.0 = Debug|Any CPU
		{26E609D9-ECE5-4A9C-B12D-E5A74A775CC6}.Debug|x86.ActiveCfg = Debug|Any CPU
		{26E609D9-ECE5-4A9C-B12D-E5A74A775CC6}.Debug|x86.Build.0 = Debug|Any CPU
		{26E609D9-ECE5-4A9C-B12D-E5A74A775CC6}.Release|Any CPU.ActiveCfg = Release|Any CPU
		{26E609D9-ECE5-4A9C-B12D-E5A74A775CC6}.Release|Any CPU.Build.0 = Release|Any CPU
		{26E609D9-ECE5-4A9C-B12D-E5A74A775CC6}.Release|x64.ActiveCfg = Release|Any CPU
		{26E609D9-ECE5-4A9C-B12D-E5A74A775CC6}.Release|x64.Build.0 = Release|Any CPU
		{26E609D9-ECE5-4A9C-B12D-E5A74A775CC6}.Release|x86.ActiveCfg = Release|Any CPU
		{26E609D9-ECE5-4A9C-B12D-E5A74A775CC6}.Release|x86.Build.0 = Release|Any CPU
		{12518F30-0FCA-403A-A753-63D487D03A9C}.Debug|Any CPU.ActiveCfg = Debug|Any CPU
		{12518F30-0FCA-403A-A753-63D487D03A9C}.Debug|Any CPU.Build.0 = Debug|Any CPU
		{12518F30-0FCA-403A-A753-63D487D03A9C}.Debug|x64.ActiveCfg = Debug|Any CPU
		{12518F30-0FCA-403A-A753-63D487D03A9C}.Debug|x64.Build.0 = Debug|Any CPU
		{12518F30-0FCA-403A-A753-63D487D03A9C}.Debug|x86.ActiveCfg = Debug|Any CPU
		{12518F30-0FCA-403A-A753-63D487D03A9C}.Debug|x86.Build.0 = Debug|Any CPU
		{12518F30-0FCA-403A-A753-63D487D03A9C}.Release|Any CPU.ActiveCfg = Release|Any CPU
		{12518F30-0FCA-403A-A753-63D487D03A9C}.Release|Any CPU.Build.0 = Release|Any CPU
		{12518F30-0FCA-403A-A753-63D487D03A9C}.Release|x64.ActiveCfg = Release|Any CPU
		{12518F30-0FCA-403A-A753-63D487D03A9C}.Release|x64.Build.0 = Release|Any CPU
		{12518F30-0FCA-403A-A753-63D487D03A9C}.Release|x86.ActiveCfg = Release|Any CPU
		{12518F30-0FCA-403A-A753-63D487D03A9C}.Release|x86.Build.0 = Release|Any CPU
		{054F0D46-EA2E-45EF-8ACA-C1419B6B806E}.Debug|Any CPU.ActiveCfg = Debug|Any CPU
		{054F0D46-EA2E-45EF-8ACA-C1419B6B806E}.Debug|Any CPU.Build.0 = Debug|Any CPU
		{054F0D46-EA2E-45EF-8ACA-C1419B6B806E}.Debug|x64.ActiveCfg = Debug|Any CPU
		{054F0D46-EA2E-45EF-8ACA-C1419B6B806E}.Debug|x64.Build.0 = Debug|Any CPU
		{054F0D46-EA2E-45EF-8ACA-C1419B6B806E}.Debug|x86.ActiveCfg = Debug|Any CPU
		{054F0D46-EA2E-45EF-8ACA-C1419B6B806E}.Debug|x86.Build.0 = Debug|Any CPU
		{054F0D46-EA2E-45EF-8ACA-C1419B6B806E}.Release|Any CPU.ActiveCfg = Release|Any CPU
		{054F0D46-EA2E-45EF-8ACA-C1419B6B806E}.Release|Any CPU.Build.0 = Release|Any CPU
		{054F0D46-EA2E-45EF-8ACA-C1419B6B806E}.Release|x64.ActiveCfg = Release|Any CPU
		{054F0D46-EA2E-45EF-8ACA-C1419B6B806E}.Release|x64.Build.0 = Release|Any CPU
		{054F0D46-EA2E-45EF-8ACA-C1419B6B806E}.Release|x86.ActiveCfg = Release|Any CPU
		{054F0D46-EA2E-45EF-8ACA-C1419B6B806E}.Release|x86.Build.0 = Release|Any CPU
	EndGlobalSection
	GlobalSection(SolutionProperties) = preSolution
		HideSolutionNode = FALSE
	EndGlobalSection
	GlobalSection(ExtensibilityGlobals) = postSolution
		SolutionGuid = {2C662FB1-9016-4454-BA20-B926FA549595}
	EndGlobalSection
EndGlobal
